
Microsoft Visual Studio Solution File, Format Version 12.00
# Visual Studio Version 16
VisualStudioVersion = 16.0.31702.278
MinimumVisualStudioVersion = 10.0.40219.1
Project("{FAE04EC0-301F-11D3-BF4B-00C04F79EFBC}") = "WebRuaSegura", "WebRuaSegura.csproj", "{C19B3B54-FA34-4B6D-BFEB-F43F55BE440D}"
EndProject
Global
	GlobalSection(SolutionConfigurationPlatforms) = preSolution
		Debug|Any CPU = Debug|Any CPU
		Release|Any CPU = Release|Any CPU
	EndGlobalSection
	GlobalSection(ProjectConfigurationPlatforms) = postSolution
		{C19B3B54-FA34-4B6D-BFEB-F43F55BE440D}.Debug|Any CPU.ActiveCfg = Debug|Any CPU
		{C19B3B54-FA34-4B6D-BFEB-F43F55BE440D}.Debug|Any CPU.Build.0 = Debug|Any CPU
		{C19B3B54-FA34-4B6D-BFEB-F43F55BE440D}.Release|Any CPU.ActiveCfg = Release|Any CPU
		{C19B3B54-FA34-4B6D-BFEB-F43F55BE440D}.Release|Any CPU.Build.0 = Release|Any CPU
	EndGlobalSection
	GlobalSection(SolutionProperties) = preSolution
		HideSolutionNode = FALSE
	EndGlobalSection
	GlobalSection(ExtensibilityGlobals) = postSolution
		SolutionGuid = {608443B4-C593-48BC-985A-D207FEF2DFE6}
	EndGlobalSection
EndGlobal
